# This file was autogenerated by Stack.
# You should not edit this file by hand.
# For more information, please see the documentation at:
#   https://docs.haskellstack.org/en/stable/lock_files

packages:
- completed:
    hackage: PortMidi-0.2.0.0@sha256:0671e36ec72e95138bf396234b205864a8a6d0ee353e09e01cbfd57004c56f40,2383
    pantry-tree:
      size: 1818
      sha256: c9936666afc390560319024c25ecb184e2518ae4d3be5ae14081231091c1f073
  original:
    hackage: PortMidi-0.2.0.0
- completed:
    hackage: Euterpea-2.0.7@sha256:81d583a47d483bf83ac07df7b764138f1aa52a56db4e7c7f685d070dbac4b388,2661
    pantry-tree:
      size: 1603
      sha256: a1347f151792305d59844270d6e4e9ec0958873a9bf17430aee57c8940d6f902
  original:
    hackage: Euterpea-2.0.7
- completed:
    hackage: HCodecs-0.5.2@sha256:3d49e1c9e93e95d391955c76922c7e9634c7c3b5f53eb31fe6733b7301bf1bc0,1740
    pantry-tree:
      size: 678
      sha256: c40c03969be98006d0f38de76c77d9118aab299fc4061e830b6ece9ced514d3d
  original:
    hackage: HCodecs-0.5.2
- completed:
    hackage: arrows-0.4.4.2@sha256:a260222b766da922657e302aa7c0409451913e1e503798a47a213a61ba382460,1235
    pantry-tree:
      size: 1035
      sha256: 153eac3a26d5922d3be968368125e5a31cc4347049732ef3a75920c4b9fda417
  original:
    hackage: arrows-0.4.4.2
- completed:
    hackage: bytestring-0.10.8.2@sha256:0a58355cb91bc9930f951a6d14f5fb4a6022647c3aab2b7223e888843bb6a832,8921
    pantry-tree:
      size: 2788
      sha256: 5ebb0fddb2f9cdf4a295bbb610279ba7651547355d882942ad08c62efb00183c
  original:
    hackage: bytestring-0.10.8.2
- completed:
    hackage: Stream-0.4.7.2@sha256:ed78165aa34c4e23dc53c9072f8715d414a585037f2145ea0eb2b38300354c53,1009
    pantry-tree:
      size: 207
      sha256: 009fe33c4779bd1705a26f9b036f0996e9fc85df06418aec3dda967554e6ef83
  original:
    hackage: Stream-0.4.7.2
- completed:
    hackage: binary-0.8.8.0@sha256:e9387a7ef2b34c6a23b09664c306e37cc01ae2cb4e4511a1c96ffb14008c24b0,6262
    pantry-tree:
      size: 1976
      sha256: 271cd1e75af293fc25a489d860f094dc635a4ed8b56aa5b343c58f4637736ca3
  original:
    hackage: binary-0.8.8.0
- completed:
    hackage: directory-1.3.6.0@sha256:d3d89c752f99e78f3e1d11c74696d2ba78b199f47c89e92934003deb84cb3ff9,2810
    pantry-tree:
      size: 3433
      sha256: 54ddcb94f07eab9c6070497d8cbc565fc7e9f159ac596581c2e959e7460c1e41
  original:
    hackage: directory-1.3.6.0
- completed:
    hackage: lazysmallcheck-0.6@sha256:dac7a1e4877681f1260309e863e896674dd6efc1159897b7945893e693f2a6bc,1696
    pantry-tree:
      size: 2008
      sha256: aea6b83dd91703fd130d98ecfed88b8f16841b22990c837c8fde89f9f6cca809
  original:
    hackage: lazysmallcheck-0.6
- completed:
    hackage: unix-2.7.2.2@sha256:e69269a17b9fa26cb77f3f55e86c39d0a4940ccfa0c4bc20826919d2572076ad,3496
    pantry-tree:
      size: 3536
      sha256: c355f7924ce67e5bf8f20767462af18f09b8c0d1f7161117221cbb94c15deee3
  original:
    hackage: unix-2.7.2.2
- completed:
    hackage: random-source-0.3.0.6@sha256:394ad3b426c3da9a0d327a09ca944304a28d135906f0289f29c39ae369591844,3844
    pantry-tree:
      size: 914
      sha256: 0f16506de5c324f7dce95cd97714c4d24ce5acc2348b291efa90bcb8fc8646a8
  original:
    hackage: random-source-0.3.0.6
- completed:
    hackage: flexible-defaults-0.0.3@sha256:6a7ab000561e1075003cb1053dfbbb4020ae2b02916776d1479c9c3fc82f5d0d,2508
    pantry-tree:
      size: 497
      sha256: 53d8b98b9e899d63f7e464670e908f6eb22d8a5ba0b6ea48182fb810b426f0f8
  original:
    hackage: flexible-defaults-0.0.3
snapshots:
- completed:
    size: 491372
    url: https://raw.githubusercontent.com/commercialhaskell/stackage-snapshots/master/lts/15/2.yaml
    sha256: a98d091d911606d0d8adccbeb811b81bbd8cc2d888f99ef9e273350e8e9692a8
  original: lts-15.2
